
Microsoft Visual Studio Solution File, Format Version 12.00
# Visual Studio Version 16
VisualStudioVersion = 16.0.32002.261
MinimumVisualStudioVersion = 10.0.40219.1
Project("{9A19103F-16F7-4668-BE54-9A1E7A4F7556}") = "GraphQL.Server", "GraphQL.Server\GraphQL.Server.csproj", "{D92D3B90-BC35-4FD4-8A64-083B8BDE3C13}"
EndProject
Project("{9A19103F-16F7-4668-BE54-9A1E7A4F7556}") = "GraphQL.Core", "GraphQL.Core\GraphQL.Core.csproj", "{0EF33D4C-82B9-4C05-8D17-6B8EEC9A6232}"
EndProject
Project("{9A19103F-16F7-4668-BE54-9A1E7A4F7556}") = "Database", "Database\Database.csproj", "{FA671B66-D032-40EE-A157-914650808915}"
EndProject
Global
	GlobalSection(SolutionConfigurationPlatforms) = preSolution
		Debug|Any CPU = Debug|Any CPU
		Release|Any CPU = Release|Any CPU
	EndGlobalSection
	GlobalSection(ProjectConfigurationPlatforms) = postSolution
		{D92D3B90-BC35-4FD4-8A64-083B8BDE3C13}.Debug|Any CPU.ActiveCfg = Debug|Any CPU
		{D92D3B90-BC35-4FD4-8A64-083B8BDE3C13}.Debug|Any CPU.Build.0 = Debug|Any CPU
		{D92D3B90-BC35-4FD4-8A64-083B8BDE3C13}.Release|Any CPU.ActiveCfg = Release|Any CPU
		{D92D3B90-BC35-4FD4-8A64-083B8BDE3C13}.Release|Any CPU.Build.0 = Release|Any CPU
		{0EF33D4C-82B9-4C05-8D17-6B8EEC9A6232}.Debug|Any CPU.ActiveCfg = Debug|Any CPU
		{0EF33D4C-82B9-4C05-8D17-6B8EEC9A6232}.Debug|Any CPU.Build.0 = Debug|Any CPU
		{0EF33D4C-82B9-4C05-8D17-6B8EEC9A6232}.Release|Any CPU.ActiveCfg = Release|Any CPU
		{0EF33D4C-82B9-4C05-8D17-6B8EEC9A6232}.Release|Any CPU.Build.0 = Release|Any CPU
		{FA671B66-D032-40EE-A157-914650808915}.Debug|Any CPU.ActiveCfg = Debug|Any CPU
		{FA671B66-D032-40EE-A157-914650808915}.Debug|Any CPU.Build.0 = Debug|Any CPU
		{FA671B66-D032-40EE-A157-914650808915}.Release|Any CPU.ActiveCfg = Release|Any CPU
		{FA671B66-D032-40EE-A157-914650808915}.Release|Any CPU.Build.0 = Release|Any CPU
	EndGlobalSection
	GlobalSection(SolutionProperties) = preSolution
		HideSolutionNode = FALSE
	EndGlobalSection
	GlobalSection(ExtensibilityGlobals) = postSolution
		SolutionGuid = {C2033770-85C6-4E4C-815E-FD99924CF8E3}
	EndGlobalSection
EndGlobal
