
Microsoft Visual Studio Solution File, Format Version 12.00
# Visual Studio Version 16
VisualStudioVersion = 16.0.30804.86
MinimumVisualStudioVersion = 10.0.40219.1
Project("{9A19103F-16F7-4668-BE54-9A1E7A4F7556}") = "GraphQLServerless", "GraphQL.Serverless\GraphQLServerless.csproj", "{66762BE9-1039-4647-AB09-05A6FF9F8B9A}"
EndProject
Project("{9A19103F-16F7-4668-BE54-9A1E7A4F7556}") = "GraphQL.Core", "GraphQL.Core\GraphQL.Core.csproj", "{3827BA31-C1A1-46E1-ADC6-A0D3EE02887C}"
EndProject
Project("{9A19103F-16F7-4668-BE54-9A1E7A4F7556}") = "Database", "Database\Database.csproj", "{294A621B-23F7-4507-95A3-674DBC4CEC80}"
EndProject
Global
	GlobalSection(SolutionConfigurationPlatforms) = preSolution
		Debug|Any CPU = Debug|Any CPU
		Release|Any CPU = Release|Any CPU
	EndGlobalSection
	GlobalSection(ProjectConfigurationPlatforms) = postSolution
		{66762BE9-1039-4647-AB09-05A6FF9F8B9A}.Debug|Any CPU.ActiveCfg = Debug|Any CPU
		{66762BE9-1039-4647-AB09-05A6FF9F8B9A}.Debug|Any CPU.Build.0 = Debug|Any CPU
		{66762BE9-1039-4647-AB09-05A6FF9F8B9A}.Release|Any CPU.ActiveCfg = Release|Any CPU
		{66762BE9-1039-4647-AB09-05A6FF9F8B9A}.Release|Any CPU.Build.0 = Release|Any CPU
		{3827BA31-C1A1-46E1-ADC6-A0D3EE02887C}.Debug|Any CPU.ActiveCfg = Debug|Any CPU
		{3827BA31-C1A1-46E1-ADC6-A0D3EE02887C}.Debug|Any CPU.Build.0 = Debug|Any CPU
		{3827BA31-C1A1-46E1-ADC6-A0D3EE02887C}.Release|Any CPU.ActiveCfg = Release|Any CPU
		{3827BA31-C1A1-46E1-ADC6-A0D3EE02887C}.Release|Any CPU.Build.0 = Release|Any CPU
		{294A621B-23F7-4507-95A3-674DBC4CEC80}.Debug|Any CPU.ActiveCfg = Debug|Any CPU
		{294A621B-23F7-4507-95A3-674DBC4CEC80}.Debug|Any CPU.Build.0 = Debug|Any CPU
		{294A621B-23F7-4507-95A3-674DBC4CEC80}.Release|Any CPU.ActiveCfg = Release|Any CPU
		{294A621B-23F7-4507-95A3-674DBC4CEC80}.Release|Any CPU.Build.0 = Release|Any CPU
	EndGlobalSection
	GlobalSection(SolutionProperties) = preSolution
		HideSolutionNode = FALSE
	EndGlobalSection
	GlobalSection(ExtensibilityGlobals) = postSolution
		SolutionGuid = {8BD86855-E930-4970-AA8A-FC04834B5DA5}
	EndGlobalSection
EndGlobal
